// !$*UTF8*$!
{
	archiveVersion = 1;
	classes = {
	};
	objectVersion = 46;
	objects = {

/* Begin PBXBuildFile section */
		584959011CF6C623000D86BC /* AppDelegate.swift in Sources */ = {isa = PBXBuildFile; fileRef = 584959001CF6C623000D86BC /* AppDelegate.swift */; };
		584959061CF6C623000D86BC /* Main.storyboard in Resources */ = {isa = PBXBuildFile; fileRef = 584959041CF6C623000D86BC /* Main.storyboard */; };
		584959081CF6C623000D86BC /* Assets.xcassets in Resources */ = {isa = PBXBuildFile; fileRef = 584959071CF6C623000D86BC /* Assets.xcassets */; };
		5849590B1CF6C623000D86BC /* LaunchScreen.storyboard in Resources */ = {isa = PBXBuildFile; fileRef = 584959091CF6C623000D86BC /* LaunchScreen.storyboard */; };
		584959131CF6C62D000D86BC /* MapKit.framework in Frameworks */ = {isa = PBXBuildFile; fileRef = 584959121CF6C62D000D86BC /* MapKit.framework */; };
		584959151CF6C773000D86BC /* MapViewController.swift in Sources */ = {isa = PBXBuildFile; fileRef = 584959141CF6C773000D86BC /* MapViewController.swift */; };
		584959171CF6D002000D86BC /* points.json in Resources */ = {isa = PBXBuildFile; fileRef = 584959161CF6D002000D86BC /* points.json */; };
		584959191CF6E2E8000D86BC /* PointDetailViewController.swift in Sources */ = {isa = PBXBuildFile; fileRef = 584959181CF6E2E8000D86BC /* PointDetailViewController.swift */; };
		5849591B1CF6F585000D86BC /* PointsListViewController.swift in Sources */ = {isa = PBXBuildFile; fileRef = 5849591A1CF6F585000D86BC /* PointsListViewController.swift */; };
		5849591D1CF6F885000D86BC /* SearchPointsListViewController.swift in Sources */ = {isa = PBXBuildFile; fileRef = 5849591C1CF6F885000D86BC /* SearchPointsListViewController.swift */; };
		58F2CB021CFD60F900570E43 /* SelectAreaOverlay.swift in Sources */ = {isa = PBXBuildFile; fileRef = 58F2CB011CFD60F900570E43 /* SelectAreaOverlay.swift */; };
		58F2CB041CFD8EE400570E43 /* FilteredPointsListViewController.swift in Sources */ = {isa = PBXBuildFile; fileRef = 58F2CB031CFD8EE400570E43 /* FilteredPointsListViewController.swift */; };
		728FF5F4216C9C73D507EDAB /* Pods_MapDemo.framework in Frameworks */ = {isa = PBXBuildFile; fileRef = C8FA490D3452FC751658030E /* Pods_MapDemo.framework */; };
/* End PBXBuildFile section */

/* Begin PBXFileReference section */
		26F5B7C778BF4BFD95A27324 /* Pods-MapDemo.debug.xcconfig */ = {isa = PBXFileReference; includeInIndex = 1; lastKnownFileType = text.xcconfig; name = "Pods-MapDemo.debug.xcconfig"; path = "Pods/Target Support Files/Pods-MapDemo/Pods-MapDemo.debug.xcconfig"; sourceTree = "<group>"; };
		584958FD1CF6C623000D86BC /* MapDemo.app */ = {isa = PBXFileReference; explicitFileType = wrapper.application; includeInIndex = 0; path = MapDemo.app; sourceTree = BUILT_PRODUCTS_DIR; };
		584959001CF6C623000D86BC /* AppDelegate.swift */ = {isa = PBXFileReference; lastKnownFileType = sourcecode.swift; path = AppDelegate.swift; sourceTree = "<group>"; };
		584959051CF6C623000D86BC /* Base */ = {isa = PBXFileReference; lastKnownFileType = file.storyboard; name = Base; path = Base.lproj/Main.storyboard; sourceTree = "<group>"; };
		584959071CF6C623000D86BC /* Assets.xcassets */ = {isa = PBXFileReference; lastKnownFileType = folder.assetcatalog; path = Assets.xcassets; sourceTree = "<group>"; };
		5849590A1CF6C623000D86BC /* Base */ = {isa = PBXFileReference; lastKnownFileType = file.storyboard; name = Base; path = Base.lproj/LaunchScreen.storyboard; sourceTree = "<group>"; };
		5849590C1CF6C623000D86BC /* Info.plist */ = {isa = PBXFileReference; lastKnownFileType = text.plist.xml; path = Info.plist; sourceTree = "<group>"; };
		584959121CF6C62D000D86BC /* MapKit.framework */ = {isa = PBXFileReference; lastKnownFileType = wrapper.framework; name = MapKit.framework; path = System/Library/Frameworks/MapKit.framework; sourceTree = SDKROOT; };
		584959141CF6C773000D86BC /* MapViewController.swift */ = {isa = PBXFileReference; fileEncoding = 4; lastKnownFileType = sourcecode.swift; path = MapViewController.swift; sourceTree = "<group>"; };
		584959161CF6D002000D86BC /* points.json */ = {isa = PBXFileReference; fileEncoding = 4; lastKnownFileType = text.json; path = points.json; sourceTree = "<group>"; };
		584959181CF6E2E8000D86BC /* PointDetailViewController.swift */ = {isa = PBXFileReference; fileEncoding = 4; lastKnownFileType = sourcecode.swift; path = PointDetailViewController.swift; sourceTree = "<group>"; };
		5849591A1CF6F585000D86BC /* PointsListViewController.swift */ = {isa = PBXFileReference; fileEncoding = 4; lastKnownFileType = sourcecode.swift; path = PointsListViewController.swift; sourceTree = "<group>"; };
		5849591C1CF6F885000D86BC /* SearchPointsListViewController.swift */ = {isa = PBXFileReference; fileEncoding = 4; lastKnownFileType = sourcecode.swift; path = SearchPointsListViewController.swift; sourceTree = "<group>"; };
		58F2CB011CFD60F900570E43 /* SelectAreaOverlay.swift */ = {isa = PBXFileReference; fileEncoding = 4; lastKnownFileType = sourcecode.swift; path = SelectAreaOverlay.swift; sourceTree = "<group>"; };
		58F2CB031CFD8EE400570E43 /* FilteredPointsListViewController.swift */ = {isa = PBXFileReference; fileEncoding = 4; lastKnownFileType = sourcecode.swift; path = FilteredPointsListViewController.swift; sourceTree = "<group>"; };
		7AF7023DB010234FC1A1B14E /* Pods-MapDemo.release.xcconfig */ = {isa = PBXFileReference; includeInIndex = 1; lastKnownFileType = text.xcconfig; name = "Pods-MapDemo.release.xcconfig"; path = "Pods/Target Support Files/Pods-MapDemo/Pods-MapDemo.release.xcconfig"; sourceTree = "<group>"; };
		C8FA490D3452FC751658030E /* Pods_MapDemo.framework */ = {isa = PBXFileReference; explicitFileType = wrapper.framework; includeInIndex = 0; path = Pods_MapDemo.framework; sourceTree = BUILT_PRODUCTS_DIR; };
/* End PBXFileReference section */

/* Begin PBXFrameworksBuildPhase section */
		584958FA1CF6C623000D86BC /* Frameworks */ = {
			isa = PBXFrameworksBuildPhase;
			buildActionMask = 2147483647;
			files = (
				584959131CF6C62D000D86BC /* MapKit.framework in Frameworks */,
				728FF5F4216C9C73D507EDAB /* Pods_MapDemo.framework in Frameworks */,
			);
			runOnlyForDeploymentPostprocessing = 0;
		};
/* End PBXFrameworksBuildPhase section */

/* Begin PBXGroup section */
		20DD13122BD1F14ED29C4246 /* Pods */ = {
			isa = PBXGroup;
			children = (
				26F5B7C778BF4BFD95A27324 /* Pods-MapDemo.debug.xcconfig */,
				7AF7023DB010234FC1A1B14E /* Pods-MapDemo.release.xcconfig */,
			);
			name = Pods;
			sourceTree = "<group>";
		};
		584958F41CF6C623000D86BC = {
			isa = PBXGroup;
			children = (
				584959121CF6C62D000D86BC /* MapKit.framework */,
				584958FF1CF6C623000D86BC /* MapDemo */,
				584958FE1CF6C623000D86BC /* Products */,
				20DD13122BD1F14ED29C4246 /* Pods */,
				783C06FA1762EB6468C6B7DE /* Frameworks */,
			);
			sourceTree = "<group>";
		};
		584958FE1CF6C623000D86BC /* Products */ = {
			isa = PBXGroup;
			children = (
				584958FD1CF6C623000D86BC /* MapDemo.app */,
			);
			name = Products;
			sourceTree = "<group>";
		};
		584958FF1CF6C623000D86BC /* MapDemo */ = {
			isa = PBXGroup;
			children = (
				584959161CF6D002000D86BC /* points.json */,
				584959001CF6C623000D86BC /* AppDelegate.swift */,
				584959041CF6C623000D86BC /* Main.storyboard */,
				584959071CF6C623000D86BC /* Assets.xcassets */,
				584959091CF6C623000D86BC /* LaunchScreen.storyboard */,
				5849590C1CF6C623000D86BC /* Info.plist */,
				584959141CF6C773000D86BC /* MapViewController.swift */,
				584959181CF6E2E8000D86BC /* PointDetailViewController.swift */,
				5849591A1CF6F585000D86BC /* PointsListViewController.swift */,
				5849591C1CF6F885000D86BC /* SearchPointsListViewController.swift */,
				58F2CB011CFD60F900570E43 /* SelectAreaOverlay.swift */,
				58F2CB031CFD8EE400570E43 /* FilteredPointsListViewController.swift */,
			);
			path = MapDemo;
			sourceTree = "<group>";
		};
		783C06FA1762EB6468C6B7DE /* Frameworks */ = {
			isa = PBXGroup;
			children = (
				C8FA490D3452FC751658030E /* Pods_MapDemo.framework */,
			);
			name = Frameworks;
			sourceTree = "<group>";
		};
/* End PBXGroup section */

/* Begin PBXNativeTarget section */
		584958FC1CF6C623000D86BC /* MapDemo */ = {
			isa = PBXNativeTarget;
			buildConfigurationList = 5849590F1CF6C623000D86BC /* Build configuration list for PBXNativeTarget "MapDemo" */;
			buildPhases = (
				8A1EF5A1AA3EE245993FDA48 /* 📦 Check Pods Manifest.lock */,
				584958F91CF6C623000D86BC /* Sources */,
				584958FA1CF6C623000D86BC /* Frameworks */,
				584958FB1CF6C623000D86BC /* Resources */,
				7D84110E74FF44F4DE89DA41 /* 📦 Embed Pods Frameworks */,
				9156F7164FA41BFB218636A8 /* 📦 Copy Pods Resources */,
			);
			buildRules = (
			);
			dependencies = (
			);
			name = MapDemo;
			productName = MapDemo;
			productReference = 584958FD1CF6C623000D86BC /* MapDemo.app */;
			productType = "com.apple.product-type.application";
		};
/* End PBXNativeTarget section */

/* Begin PBXProject section */
		584958F51CF6C623000D86BC /* Project object */ = {
			isa = PBXProject;
			attributes = {
				LastSwiftUpdateCheck = 0730;
				LastUpgradeCheck = 0730;
				ORGANIZATIONNAME = "Kuragin Dmitriy";
				TargetAttributes = {
					584958FC1CF6C623000D86BC = {
						CreatedOnToolsVersion = 7.3;
						DevelopmentTeam = 44LEJK9728;
					};
				};
			};
			buildConfigurationList = 584958F81CF6C623000D86BC /* Build configuration list for PBXProject "MapDemo" */;
			compatibilityVersion = "Xcode 3.2";
			developmentRegion = English;
			hasScannedForEncodings = 0;
			knownRegions = (
				en,
				Base,
			);
			mainGroup = 584958F41CF6C623000D86BC;
			productRefGroup = 584958FE1CF6C623000D86BC /* Products */;
			projectDirPath = "";
			projectRoot = "";
			targets = (
				584958FC1CF6C623000D86BC /* MapDemo */,
			);
		};
/* End PBXProject section */

/* Begin PBXResourcesBuildPhase section */
		584958FB1CF6C623000D86BC /* Resources */ = {
			isa = PBXResourcesBuildPhase;
			buildActionMask = 2147483647;
			files = (
				584959171CF6D002000D86BC /* points.json in Resources */,
				5849590B1CF6C623000D86BC /* LaunchScreen.storyboard in Resources */,
				584959081CF6C623000D86BC /* Assets.xcassets in Resources */,
				584959061CF6C623000D86BC /* Main.storyboard in Resources */,
			);
			runOnlyForDeploymentPostprocessing = 0;
		};
/* End PBXResourcesBuildPhase section */

/* Begin PBXShellScriptBuildPhase section */
		7D84110E74FF44F4DE89DA41 /* 📦 Embed Pods Frameworks */ = {
			isa = PBXShellScriptBuildPhase;
			buildActionMask = 2147483647;
			files = (
			);
			inputPaths = (
			);
			name = "📦 Embed Pods Frameworks";
			outputPaths = (
			);
			runOnlyForDeploymentPostprocessing = 0;
			shellPath = /bin/sh;
			shellScript = "\"${SRCROOT}/Pods/Target Support Files/Pods-MapDemo/Pods-MapDemo-frameworks.sh\"\n";
			showEnvVarsInLog = 0;
		};
		8A1EF5A1AA3EE245993FDA48 /* 📦 Check Pods Manifest.lock */ = {
			isa = PBXShellScriptBuildPhase;
			buildActionMask = 2147483647;
			files = (
			);
			inputPaths = (
			);
			name = "📦 Check Pods Manifest.lock";
			outputPaths = (
			);
			runOnlyForDeploymentPostprocessing = 0;
			shellPath = /bin/sh;
			shellScript = "diff \"${PODS_ROOT}/../Podfile.lock\" \"${PODS_ROOT}/Manifest.lock\" > /dev/null\nif [[ $? != 0 ]] ; then\n    cat << EOM\nerror: The sandbox is not in sync with the Podfile.lock. Run 'pod install' or update your CocoaPods installation.\nEOM\n    exit 1\nfi\n";
			showEnvVarsInLog = 0;
		};
		9156F7164FA41BFB218636A8 /* 📦 Copy Pods Resources */ = {
			isa = PBXShellScriptBuildPhase;
			buildActionMask = 2147483647;
			files = (
			);
			inputPaths = (
			);
			name = "📦 Copy Pods Resources";
			outputPaths = (
			);
			runOnlyForDeploymentPostprocessing = 0;
			shellPath = /bin/sh;
			shellScript = "\"${SRCROOT}/Pods/Target Support Files/Pods-MapDemo/Pods-MapDemo-resources.sh\"\n";
			showEnvVarsInLog = 0;
		};
/* End PBXShellScriptBuildPhase section */

/* Begin PBXSourcesBuildPhase section */
		584958F91CF6C623000D86BC /* Sources */ = {
			isa = PBXSourcesBuildPhase;
			buildActionMask = 2147483647;
			files = (
				5849591D1CF6F885000D86BC /* SearchPointsListViewController.swift in Sources */,
				584959011CF6C623000D86BC /* AppDelegate.swift in Sources */,
				584959191CF6E2E8000D86BC /* PointDetailViewController.swift in Sources */,
				58F2CB021CFD60F900570E43 /* SelectAreaOverlay.swift in Sources */,
				5849591B1CF6F585000D86BC /* PointsListViewController.swift in Sources */,
				58F2CB041CFD8EE400570E43 /* FilteredPointsListViewController.swift in Sources */,
				584959151CF6C773000D86BC /* MapViewController.swift in Sources */,
			);
			runOnlyForDeploymentPostprocessing = 0;
		};
/* End PBXSourcesBuildPhase section */

/* Begin PBXVariantGroup section */
		584959041CF6C623000D86BC /* Main.storyboard */ = {
			isa = PBXVariantGroup;
			children = (
				584959051CF6C623000D86BC /* Base */,
			);
			name = Main.storyboard;
			sourceTree = "<group>";
		};
		584959091CF6C623000D86BC /* LaunchScreen.storyboard */ = {
			isa = PBXVariantGroup;
			children = (
				5849590A1CF6C623000D86BC /* Base */,
			);
			name = LaunchScreen.storyboard;
			sourceTree = "<group>";
		};
/* End PBXVariantGroup section */

/* Begin XCBuildConfiguration section */
		5849590D1CF6C623000D86BC /* Debug */ = {
			isa = XCBuildConfiguration;
			buildSettings = {
				ALWAYS_SEARCH_USER_PATHS = NO;
				CLANG_ANALYZER_NONNULL = YES;
				CLANG_CXX_LANGUAGE_STANDARD = "gnu++0x";
				CLANG_CXX_LIBRARY = "libc++";
				CLANG_ENABLE_MODULES = YES;
				CLANG_ENABLE_OBJC_ARC = YES;
				CLANG_WARN_BOOL_CONVERSION = YES;
				CLANG_WARN_CONSTANT_CONVERSION = YES;
				CLANG_WARN_DIRECT_OBJC_ISA_USAGE = YES_ERROR;
				CLANG_WARN_EMPTY_BODY = YES;
				CLANG_WARN_ENUM_CONVERSION = YES;
				CLANG_WARN_INT_CONVERSION = YES;
				CLANG_WARN_OBJC_ROOT_CLASS = YES_ERROR;
				CLANG_WARN_UNREACHABLE_CODE = YES;
				CLANG_WARN__DUPLICATE_METHOD_MATCH = YES;
				"CODE_SIGN_IDENTITY[sdk=iphoneos*]" = "iPhone Developer";
				COPY_PHASE_STRIP = NO;
				DEBUG_INFORMATION_FORMAT = dwarf;
				ENABLE_STRICT_OBJC_MSGSEND = YES;
				ENABLE_TESTABILITY = YES;
				GCC_C_LANGUAGE_STANDARD = gnu99;
				GCC_DYNAMIC_NO_PIC = NO;
				GCC_NO_COMMON_BLOCKS = YES;
				GCC_OPTIMIZATION_LEVEL = 0;
				GCC_PREPROCESSOR_DEFINITIONS = (
					"DEBUG=1",
					"$(inherited)",
				);
				GCC_WARN_64_TO_32_BIT_CONVERSION = YES;
				GCC_WARN_ABOUT_RETURN_TYPE = YES_ERROR;
				GCC_WARN_UNDECLARED_SELECTOR = YES;
				GCC_WARN_UNINITIALIZED_AUTOS = YES_AGGRESSIVE;
				GCC_WARN_UNUSED_FUNCTION = YES;
				GCC_WARN_UNUSED_VARIABLE = YES;
				IPHONEOS_DEPLOYMENT_TARGET = 9.3;
				MTL_ENABLE_DEBUG_INFO = YES;
				ONLY_ACTIVE_ARCH = YES;
				SDKROOT = iphoneos;
				SWIFT_OPTIMIZATION_LEVEL = "-Onone";
			};
			name = Debug;
		};
		5849590E1CF6C623000D86BC /* Release */ = {
			isa = XCBuildConfiguration;
			buildSettings = {
				ALWAYS_SEARCH_USER_PATHS = NO;
				CLANG_ANALYZER_NONNULL = YES;
				CLANG_CXX_LANGUAGE_STANDARD = "gnu++0x";
				CLANG_CXX_LIBRARY = "libc++";
				CLANG_ENABLE_MODULES = YES;
				CLANG_ENABLE_OBJC_ARC = YES;
				CLANG_WARN_BOOL_CONVERSION = YES;
				CLANG_WARN_CONSTANT_CONVERSION = YES;
				CLANG_WARN_DIRECT_OBJC_ISA_USAGE = YES_ERROR;
				CLANG_WARN_EMPTY_BODY = YES;
				CLANG_WARN_ENUM_CONVERSION = YES;
				CLANG_WARN_INT_CONVERSION = YES;
				CLANG_WARN_OBJC_ROOT_CLASS = YES_ERROR;
				CLANG_WARN_UNREACHABLE_CODE = YES;
				CLANG_WARN__DUPLICATE_METHOD_MATCH = YES;
				"CODE_SIGN_IDENTITY[sdk=iphoneos*]" = "iPhone Developer";
				COPY_PHASE_STRIP = NO;
				DEBUG_INFORMATION_FORMAT = "dwarf-with-dsym";
				ENABLE_NS_ASSERTIONS = NO;
				ENABLE_STRICT_OBJC_MSGSEND = YES;
				GCC_C_LANGUAGE_STANDARD = gnu99;
				GCC_NO_COMMON_BLOCKS = YES;
				GCC_WARN_64_TO_32_BIT_CONVERSION = YES;
				GCC_WARN_ABOUT_RETURN_TYPE = YES_ERROR;
				GCC_WARN_UNDECLARED_SELECTOR = YES;
				GCC_WARN_UNINITIALIZED_AUTOS = YES_AGGRESSIVE;
				GCC_WARN_UNUSED_FUNCTION = YES;
				GCC_WARN_UNUSED_VARIABLE = YES;
				IPHONEOS_DEPLOYMENT_TARGET = 9.3;
				MTL_ENABLE_DEBUG_INFO = NO;
				SDKROOT = iphoneos;
				VALIDATE_PRODUCT = YES;
			};
			name = Release;
		};
		584959101CF6C623000D86BC /* Debug */ = {
			isa = XCBuildConfiguration;
			baseConfigurationReference = 26F5B7C778BF4BFD95A27324 /* Pods-MapDemo.debug.xcconfig */;
			buildSettings = {
				ASSETCATALOG_COMPILER_APPICON_NAME = AppIcon;
				CODE_SIGN_IDENTITY = "iPhone Developer";
				"CODE_SIGN_IDENTITY[sdk=iphoneos*]" = "iPhone Developer";
				INFOPLIST_FILE = MapDemo/Info.plist;
				LD_RUNPATH_SEARCH_PATHS = "$(inherited) @executable_path/Frameworks";
				PRODUCT_BUNDLE_IDENTIFIER = com.speaktoit.MapDemo;
				PRODUCT_NAME = "$(TARGET_NAME)";
				PROVISIONING_PROFILE = "";
			};
			name = Debug;
		};
		584959111CF6C623000D86BC /* Release */ = {
			isa = XCBuildConfiguration;
			baseConfigurationReference = 7AF7023DB010234FC1A1B14E /* Pods-MapDemo.release.xcconfig */;
			buildSettings = {
				ASSETCATALOG_COMPILER_APPICON_NAME = AppIcon;
				CODE_SIGN_IDENTITY = "iPhone Developer";
				"CODE_SIGN_IDENTITY[sdk=iphoneos*]" = "iPhone Developer";
				INFOPLIST_FILE = MapDemo/Info.plist;
				LD_RUNPATH_SEARCH_PATHS = "$(inherited) @executable_path/Frameworks";
				PRODUCT_BUNDLE_IDENTIFIER = com.speaktoit.MapDemo;
				PRODUCT_NAME = "$(TARGET_NAME)";
				PROVISIONING_PROFILE = "";
			};
			name = Release;
		};
/* End XCBuildConfiguration section */

/* Begin XCConfigurationList section */
		584958F81CF6C623000D86BC /* Build configuration list for PBXProject "MapDemo" */ = {
			isa = XCConfigurationList;
			buildConfigurations = (
				5849590D1CF6C623000D86BC /* Debug */,
				5849590E1CF6C623000D86BC /* Release */,
			);
			defaultConfigurationIsVisible = 0;
			defaultConfigurationName = Release;
		};
		5849590F1CF6C623000D86BC /* Build configuration list for PBXNativeTarget "MapDemo" */ = {
			isa = XCConfigurationList;
			buildConfigurations = (
				584959101CF6C623000D86BC /* Debug */,
				584959111CF6C623000D86BC /* Release */,
			);
			defaultConfigurationIsVisible = 0;
			defaultConfigurationName = Release;
		};
/* End XCConfigurationList section */
	};
	rootObject = 584958F51CF6C623000D86BC /* Project object */;
}
